
Microsoft Visual Studio Solution File, Format Version 12.00
# Visual Studio Version 17
VisualStudioVersion = 17.9.34728.123
MinimumVisualStudioVersion = 10.0.40219.1
Project("{FAE04EC0-301F-11D3-BF4B-00C04F79EFBC}") = "Interface Animal", "Interface Animal\Interface Animal.csproj", "{A035A7B2-109B-4D68-BD14-B3C65D921A41}"
EndProject
Global
	GlobalSection(SolutionConfigurationPlatforms) = preSolution
		Debug|Any CPU = Debug|Any CPU
		Release|Any CPU = Release|Any CPU
	EndGlobalSection
	GlobalSection(ProjectConfigurationPlatforms) = postSolution
		{A035A7B2-109B-4D68-BD14-B3C65D921A41}.Debug|Any CPU.ActiveCfg = Debug|Any CPU
		{A035A7B2-109B-4D68-BD14-B3C65D921A41}.Debug|Any CPU.Build.0 = Debug|Any CPU
		{A035A7B2-109B-4D68-BD14-B3C65D921A41}.Release|Any CPU.ActiveCfg = Release|Any CPU
		{A035A7B2-109B-4D68-BD14-B3C65D921A41}.Release|Any CPU.Build.0 = Release|Any CPU
	EndGlobalSection
	GlobalSection(SolutionProperties) = preSolution
		HideSolutionNode = FALSE
	EndGlobalSection
	GlobalSection(ExtensibilityGlobals) = postSolution
		SolutionGuid = {621CF578-CD13-4D44-AA4C-7E812F3966B7}
	EndGlobalSection
EndGlobal
